
Microsoft Visual Studio Solution File, Format Version 12.00
# Visual Studio Version 17
VisualStudioVersion = 17.1.32407.343
MinimumVisualStudioVersion = 10.0.40219.1
Project("{FAE04EC0-301F-11D3-BF4B-00C04F79EFBC}") = "ex32_03_iga", "ex32_03_iga\ex32_03_iga.csproj", "{7CD689D1-8E83-439E-ACF0-929FB932437C}"
EndProject
Global
	GlobalSection(SolutionConfigurationPlatforms) = preSolution
		Debug|Any CPU = Debug|Any CPU
		Release|Any CPU = Release|Any CPU
	EndGlobalSection
	GlobalSection(ProjectConfigurationPlatforms) = postSolution
		{7CD689D1-8E83-439E-ACF0-929FB932437C}.Debug|Any CPU.ActiveCfg = Debug|Any CPU
		{7CD689D1-8E83-439E-ACF0-929FB932437C}.Debug|Any CPU.Build.0 = Debug|Any CPU
		{7CD689D1-8E83-439E-ACF0-929FB932437C}.Release|Any CPU.ActiveCfg = Release|Any CPU
		{7CD689D1-8E83-439E-ACF0-929FB932437C}.Release|Any CPU.Build.0 = Release|Any CPU
	EndGlobalSection
	GlobalSection(SolutionProperties) = preSolution
		HideSolutionNode = FALSE
	EndGlobalSection
	GlobalSection(ExtensibilityGlobals) = postSolution
		SolutionGuid = {C500A6C2-AB75-4CCC-A412-DDF6778EEFA1}
	EndGlobalSection
EndGlobal
